// !$*UTF8*$!
{
	archiveVersion = 1;
	classes = {
	};
	objectVersion = 46;
	objects = {

/* Begin PBXBuildFile section */
		2BCF90A71A1B0C7700E88048 /* AppDelegate.swift in Sources */ = {isa = PBXBuildFile; fileRef = 2BCF90A61A1B0C7700E88048 /* AppDelegate.swift */; };
		2BCF90A91A1B0C7700E88048 /* ViewController.swift in Sources */ = {isa = PBXBuildFile; fileRef = 2BCF90A81A1B0C7700E88048 /* ViewController.swift */; };
		2BCF90AC1A1B0C7700E88048 /* Main.storyboard in Resources */ = {isa = PBXBuildFile; fileRef = 2BCF90AA1A1B0C7700E88048 /* Main.storyboard */; };
		2BCF90AE1A1B0C7700E88048 /* Images.xcassets in Resources */ = {isa = PBXBuildFile; fileRef = 2BCF90AD1A1B0C7700E88048 /* Images.xcassets */; };
		2BCF90B11A1B0C7700E88048 /* LaunchScreen.xib in Resources */ = {isa = PBXBuildFile; fileRef = 2BCF90AF1A1B0C7700E88048 /* LaunchScreen.xib */; };
		2BCF90BD1A1B0C7700E88048 /* StormyTests.swift in Sources */ = {isa = PBXBuildFile; fileRef = 2BCF90BC1A1B0C7700E88048 /* StormyTests.swift */; };
/* End PBXBuildFile section */

/* Begin PBXContainerItemProxy section */
		2BCF90B71A1B0C7700E88048 /* PBXContainerItemProxy */ = {
			isa = PBXContainerItemProxy;
			containerPortal = 2BCF90991A1B0C7700E88048 /* Project object */;
			proxyType = 1;
			remoteGlobalIDString = 2BCF90A01A1B0C7700E88048;
			remoteInfo = Stormy;
		};
/* End PBXContainerItemProxy section */

/* Begin PBXFileReference section */
		2BCF90A11A1B0C7700E88048 /* Stormy.app */ = {isa = PBXFileReference; explicitFileType = wrapper.application; includeInIndex = 0; path = Stormy.app; sourceTree = BUILT_PRODUCTS_DIR; };
		2BCF90A51A1B0C7700E88048 /* Info.plist */ = {isa = PBXFileReference; lastKnownFileType = text.plist.xml; path = Info.plist; sourceTree = "<group>"; };
		2BCF90A61A1B0C7700E88048 /* AppDelegate.swift */ = {isa = PBXFileReference; lastKnownFileType = sourcecode.swift; path = AppDelegate.swift; sourceTree = "<group>"; };
		2BCF90A81A1B0C7700E88048 /* ViewController.swift */ = {isa = PBXFileReference; lastKnownFileType = sourcecode.swift; path = ViewController.swift; sourceTree = "<group>"; };
		2BCF90AB1A1B0C7700E88048 /* Base */ = {isa = PBXFileReference; lastKnownFileType = file.storyboard; name = Base; path = Base.lproj/Main.storyboard; sourceTree = "<group>"; };
		2BCF90AD1A1B0C7700E88048 /* Images.xcassets */ = {isa = PBXFileReference; lastKnownFileType = folder.assetcatalog; path = Images.xcassets; sourceTree = "<group>"; };
		2BCF90B01A1B0C7700E88048 /* Base */ = {isa = PBXFileReference; lastKnownFileType = file.xib; name = Base; path = Base.lproj/LaunchScreen.xib; sourceTree = "<group>"; };
		2BCF90B61A1B0C7700E88048 /* StormyTests.xctest */ = {isa = PBXFileReference; explicitFileType = wrapper.cfbundle; includeInIndex = 0; path = StormyTests.xctest; sourceTree = BUILT_PRODUCTS_DIR; };
		2BCF90BB1A1B0C7700E88048 /* Info.plist */ = {isa = PBXFileReference; lastKnownFileType = text.plist.xml; path = Info.plist; sourceTree = "<group>"; };
		2BCF90BC1A1B0C7700E88048 /* StormyTests.swift */ = {isa = PBXFileReference; lastKnownFileType = sourcecode.swift; path = StormyTests.swift; sourceTree = "<group>"; };
/* End PBXFileReference section */

/* Begin PBXFrameworksBuildPhase section */
		2BCF909E1A1B0C7700E88048 /* Frameworks */ = {
			isa = PBXFrameworksBuildPhase;
			buildActionMask = 2147483647;
			files = (
			);
			runOnlyForDeploymentPostprocessing = 0;
		};
		2BCF90B31A1B0C7700E88048 /* Frameworks */ = {
			isa = PBXFrameworksBuildPhase;
			buildActionMask = 2147483647;
			files = (
			);
			runOnlyForDeploymentPostprocessing = 0;
		};
/* End PBXFrameworksBuildPhase section */

/* Begin PBXGroup section */
		2BCF90981A1B0C7700E88048 = {
			isa = PBXGroup;
			children = (
				2BCF90A31A1B0C7700E88048 /* Stormy */,
				2BCF90B91A1B0C7700E88048 /* StormyTests */,
				2BCF90A21A1B0C7700E88048 /* Products */,
			);
			sourceTree = "<group>";
		};
		2BCF90A21A1B0C7700E88048 /* Products */ = {
			isa = PBXGroup;
			children = (
				2BCF90A11A1B0C7700E88048 /* Stormy.app */,
				2BCF90B61A1B0C7700E88048 /* StormyTests.xctest */,
			);
			name = Products;
			sourceTree = "<group>";
		};
		2BCF90A31A1B0C7700E88048 /* Stormy */ = {
			isa = PBXGroup;
			children = (
				2BCF90A61A1B0C7700E88048 /* AppDelegate.swift */,
				2BCF90A81A1B0C7700E88048 /* ViewController.swift */,
				2BCF90AA1A1B0C7700E88048 /* Main.storyboard */,
				2BCF90AD1A1B0C7700E88048 /* Images.xcassets */,
				2BCF90AF1A1B0C7700E88048 /* LaunchScreen.xib */,
				2BCF90A41A1B0C7700E88048 /* Supporting Files */,
			);
			path = Stormy;
			sourceTree = "<group>";
		};
		2BCF90A41A1B0C7700E88048 /* Supporting Files */ = {
			isa = PBXGroup;
			children = (
				2BCF90A51A1B0C7700E88048 /* Info.plist */,
			);
			name = "Supporting Files";
			sourceTree = "<group>";
		};
		2BCF90B91A1B0C7700E88048 /* StormyTests */ = {
			isa = PBXGroup;
			children = (
				2BCF90BC1A1B0C7700E88048 /* StormyTests.swift */,
				2BCF90BA1A1B0C7700E88048 /* Supporting Files */,
			);
			path = StormyTests;
			sourceTree = "<group>";
		};
		2BCF90BA1A1B0C7700E88048 /* Supporting Files */ = {
			isa = PBXGroup;
			children = (
				2BCF90BB1A1B0C7700E88048 /* Info.plist */,
			);
			name = "Supporting Files";
			sourceTree = "<group>";
		};
/* End PBXGroup section */

/* Begin PBXNativeTarget section */
		2BCF90A01A1B0C7700E88048 /* Stormy */ = {
			isa = PBXNativeTarget;
			buildConfigurationList = 2BCF90C01A1B0C7700E88048 /* Build configuration list for PBXNativeTarget "Stormy" */;
			buildPhases = (
				2BCF909D1A1B0C7700E88048 /* Sources */,
				2BCF909E1A1B0C7700E88048 /* Frameworks */,
				2BCF909F1A1B0C7700E88048 /* Resources */,
			);
			buildRules = (
			);
			dependencies = (
			);
			name = Stormy;
			productName = Stormy;
			productReference = 2BCF90A11A1B0C7700E88048 /* Stormy.app */;
			productType = "com.apple.product-type.application";
		};
		2BCF90B51A1B0C7700E88048 /* StormyTests */ = {
			isa = PBXNativeTarget;
			buildConfigurationList = 2BCF90C31A1B0C7700E88048 /* Build configuration list for PBXNativeTarget "StormyTests" */;
			buildPhases = (
				2BCF90B21A1B0C7700E88048 /* Sources */,
				2BCF90B31A1B0C7700E88048 /* Frameworks */,
				2BCF90B41A1B0C7700E88048 /* Resources */,
			);
			buildRules = (
			);
			dependencies = (
				2BCF90B81A1B0C7700E88048 /* PBXTargetDependency */,
			);
			name = StormyTests;
			productName = StormyTests;
			productReference = 2BCF90B61A1B0C7700E88048 /* StormyTests.xctest */;
			productType = "com.apple.product-type.bundle.unit-test";
		};
/* End PBXNativeTarget section */

/* Begin PBXProject section */
		2BCF90991A1B0C7700E88048 /* Project object */ = {
			isa = PBXProject;
			attributes = {
				LastUpgradeCheck = 0610;
				ORGANIZATIONNAME = "Pete Petrash";
				TargetAttributes = {
					2BCF90A01A1B0C7700E88048 = {
						CreatedOnToolsVersion = 6.1;
					};
					2BCF90B51A1B0C7700E88048 = {
						CreatedOnToolsVersion = 6.1;
						TestTargetID = 2BCF90A01A1B0C7700E88048;
					};
				};
			};
			buildConfigurationList = 2BCF909C1A1B0C7700E88048 /* Build configuration list for PBXProject "Stormy" */;
			compatibilityVersion = "Xcode 3.2";
			developmentRegion = English;
			hasScannedForEncodings = 0;
			knownRegions = (
				en,
				Base,
			);
			mainGroup = 2BCF90981A1B0C7700E88048;
			productRefGroup = 2BCF90A21A1B0C7700E88048 /* Products */;
			projectDirPath = "";
			projectRoot = "";
			targets = (
				2BCF90A01A1B0C7700E88048 /* Stormy */,
				2BCF90B51A1B0C7700E88048 /* StormyTests */,
			);
		};
/* End PBXProject section */

/* Begin PBXResourcesBuildPhase section */
		2BCF909F1A1B0C7700E88048 /* Resources */ = {
			isa = PBXResourcesBuildPhase;
			buildActionMask = 2147483647;
			files = (
				2BCF90AC1A1B0C7700E88048 /* Main.storyboard in Resources */,
				2BCF90B11A1B0C7700E88048 /* LaunchScreen.xib in Resources */,
				2BCF90AE1A1B0C7700E88048 /* Images.xcassets in Resources */,
			);
			runOnlyForDeploymentPostprocessing = 0;
		};
		2BCF90B41A1B0C7700E88048 /* Resources */ = {
			isa = PBXResourcesBuildPhase;
			buildActionMask = 2147483647;
			files = (
			);
			runOnlyForDeploymentPostprocessing = 0;
		};
/* End PBXResourcesBuildPhase section */

/* Begin PBXSourcesBuildPhase section */
		2BCF909D1A1B0C7700E88048 /* Sources */ = {
			isa = PBXSourcesBuildPhase;
			buildActionMask = 2147483647;
			files = (
				2BCF90A91A1B0C7700E88048 /* ViewController.swift in Sources */,
				2BCF90A71A1B0C7700E88048 /* AppDelegate.swift in Sources */,
			);
			runOnlyForDeploymentPostprocessing = 0;
		};
		2BCF90B21A1B0C7700E88048 /* Sources */ = {
			isa = PBXSourcesBuildPhase;
			buildActionMask = 2147483647;
			files = (
				2BCF90BD1A1B0C7700E88048 /* StormyTests.swift in Sources */,
			);
			runOnlyForDeploymentPostprocessing = 0;
		};
/* End PBXSourcesBuildPhase section */

/* Begin PBXTargetDependency section */
		2BCF90B81A1B0C7700E88048 /* PBXTargetDependency */ = {
			isa = PBXTargetDependency;
			target = 2BCF90A01A1B0C7700E88048 /* Stormy */;
			targetProxy = 2BCF90B71A1B0C7700E88048 /* PBXContainerItemProxy */;
		};
/* End PBXTargetDependency section */

/* Begin PBXVariantGroup section */
		2BCF90AA1A1B0C7700E88048 /* Main.storyboard */ = {
			isa = PBXVariantGroup;
			children = (
				2BCF90AB1A1B0C7700E88048 /* Base */,
			);
			name = Main.storyboard;
			sourceTree = "<group>";
		};
		2BCF90AF1A1B0C7700E88048 /* LaunchScreen.xib */ = {
			isa = PBXVariantGroup;
			children = (
				2BCF90B01A1B0C7700E88048 /* Base */,
			);
			name = LaunchScreen.xib;
			sourceTree = "<group>";
		};
/* End PBXVariantGroup section */

/* Begin XCBuildConfiguration section */
		2BCF90BE1A1B0C7700E88048 /* Debug */ = {
			isa = XCBuildConfiguration;
			buildSettings = {
				ALWAYS_SEARCH_USER_PATHS = NO;
				CLANG_CXX_LANGUAGE_STANDARD = "gnu++0x";
				CLANG_CXX_LIBRARY = "libc++";
				CLANG_ENABLE_MODULES = YES;
				CLANG_ENABLE_OBJC_ARC = YES;
				CLANG_WARN_BOOL_CONVERSION = YES;
				CLANG_WARN_CONSTANT_CONVERSION = YES;
				CLANG_WARN_DIRECT_OBJC_ISA_USAGE = YES_ERROR;
				CLANG_WARN_EMPTY_BODY = YES;
				CLANG_WARN_ENUM_CONVERSION = YES;
				CLANG_WARN_INT_CONVERSION = YES;
				CLANG_WARN_OBJC_ROOT_CLASS = YES_ERROR;
				CLANG_WARN_UNREACHABLE_CODE = YES;
				CLANG_WARN__DUPLICATE_METHOD_MATCH = YES;
				"CODE_SIGN_IDENTITY[sdk=iphoneos*]" = "iPhone Developer";
				COPY_PHASE_STRIP = NO;
				ENABLE_STRICT_OBJC_MSGSEND = YES;
				GCC_C_LANGUAGE_STANDARD = gnu99;
				GCC_DYNAMIC_NO_PIC = NO;
				GCC_OPTIMIZATION_LEVEL = 0;
				GCC_PREPROCESSOR_DEFINITIONS = (
					"DEBUG=1",
					"$(inherited)",
				);
				GCC_SYMBOLS_PRIVATE_EXTERN = NO;
				GCC_WARN_64_TO_32_BIT_CONVERSION = YES;
				GCC_WARN_ABOUT_RETURN_TYPE = YES_ERROR;
				GCC_WARN_UNDECLARED_SELECTOR = YES;
				GCC_WARN_UNINITIALIZED_AUTOS = YES_AGGRESSIVE;
				GCC_WARN_UNUSED_FUNCTION = YES;
				GCC_WARN_UNUSED_VARIABLE = YES;
				IPHONEOS_DEPLOYMENT_TARGET = 8.1;
				MTL_ENABLE_DEBUG_INFO = YES;
				ONLY_ACTIVE_ARCH = YES;
				SDKROOT = iphoneos;
				SWIFT_OPTIMIZATION_LEVEL = "-Onone";
			};
			name = Debug;
		};
		2BCF90BF1A1B0C7700E88048 /* Release */ = {
			isa = XCBuildConfiguration;
			buildSettings = {
				ALWAYS_SEARCH_USER_PATHS = NO;
				CLANG_CXX_LANGUAGE_STANDARD = "gnu++0x";
				CLANG_CXX_LIBRARY = "libc++";
				CLANG_ENABLE_MODULES = YES;
				CLANG_ENABLE_OBJC_ARC = YES;
				CLANG_WARN_BOOL_CONVERSION = YES;
				CLANG_WARN_CONSTANT_CONVERSION = YES;
				CLANG_WARN_DIRECT_OBJC_ISA_USAGE = YES_ERROR;
				CLANG_WARN_EMPTY_BODY = YES;
				CLANG_WARN_ENUM_CONVERSION = YES;
				CLANG_WARN_INT_CONVERSION = YES;
				CLANG_WARN_OBJC_ROOT_CLASS = YES_ERROR;
				CLANG_WARN_UNREACHABLE_CODE = YES;
				CLANG_WARN__DUPLICATE_METHOD_MATCH = YES;
				"CODE_SIGN_IDENTITY[sdk=iphoneos*]" = "iPhone Developer";
				COPY_PHASE_STRIP = YES;
				ENABLE_NS_ASSERTIONS = NO;
				ENABLE_STRICT_OBJC_MSGSEND = YES;
				GCC_C_LANGUAGE_STANDARD = gnu99;
				GCC_WARN_64_TO_32_BIT_CONVERSION = YES;
				GCC_WARN_ABOUT_RETURN_TYPE = YES_ERROR;
				GCC_WARN_UNDECLARED_SELECTOR = YES;
				GCC_WARN_UNINITIALIZED_AUTOS = YES_AGGRESSIVE;
				GCC_WARN_UNUSED_FUNCTION = YES;
				GCC_WARN_UNUSED_VARIABLE = YES;
				IPHONEOS_DEPLOYMENT_TARGET = 8.1;
				MTL_ENABLE_DEBUG_INFO = NO;
				SDKROOT = iphoneos;
				VALIDATE_PRODUCT = YES;
			};
			name = Release;
		};
		2BCF90C11A1B0C7700E88048 /* Debug */ = {
			isa = XCBuildConfiguration;
			buildSettings = {
				ASSETCATALOG_COMPILER_APPICON_NAME = AppIcon;
				CODE_SIGN_IDENTITY = "iPhone Developer";
				INFOPLIST_FILE = Stormy/Info.plist;
				LD_RUNPATH_SEARCH_PATHS = "$(inherited) @executable_path/Frameworks";
				PRODUCT_NAME = "$(TARGET_NAME)";
			};
			name = Debug;
		};
		2BCF90C21A1B0C7700E88048 /* Release */ = {
			isa = XCBuildConfiguration;
			buildSettings = {
				ASSETCATALOG_COMPILER_APPICON_NAME = AppIcon;
				CODE_SIGN_IDENTITY = "iPhone Developer";
				INFOPLIST_FILE = Stormy/Info.plist;
				LD_RUNPATH_SEARCH_PATHS = "$(inherited) @executable_path/Frameworks";
				PRODUCT_NAME = "$(TARGET_NAME)";
			};
			name = Release;
		};
		2BCF90C41A1B0C7700E88048 /* Debug */ = {
			isa = XCBuildConfiguration;
			buildSettings = {
				BUNDLE_LOADER = "$(TEST_HOST)";
				FRAMEWORK_SEARCH_PATHS = (
					"$(SDKROOT)/Developer/Library/Frameworks",
					"$(inherited)",
				);
				GCC_PREPROCESSOR_DEFINITIONS = (
					"DEBUG=1",
					"$(inherited)",
				);
				INFOPLIST_FILE = StormyTests/Info.plist;
				LD_RUNPATH_SEARCH_PATHS = "$(inherited) @executable_path/Frameworks @loader_path/Frameworks";
				PRODUCT_NAME = "$(TARGET_NAME)";
				TEST_HOST = "$(BUILT_PRODUCTS_DIR)/Stormy.app/Stormy";
			};
			name = Debug;
		};
		2BCF90C51A1B0C7700E88048 /* Release */ = {
			isa = XCBuildConfiguration;
			buildSettings = {
				BUNDLE_LOADER = "$(TEST_HOST)";
				FRAMEWORK_SEARCH_PATHS = (
					"$(SDKROOT)/Developer/Library/Frameworks",
					"$(inherited)",
				);
				INFOPLIST_FILE = StormyTests/Info.plist;
				LD_RUNPATH_SEARCH_PATHS = "$(inherited) @executable_path/Frameworks @loader_path/Frameworks";
				PRODUCT_NAME = "$(TARGET_NAME)";
				TEST_HOST = "$(BUILT_PRODUCTS_DIR)/Stormy.app/Stormy";
			};
			name = Release;
		};
/* End XCBuildConfiguration section */

/* Begin XCConfigurationList section */
		2BCF909C1A1B0C7700E88048 /* Build configuration list for PBXProject "Stormy" */ = {
			isa = XCConfigurationList;
			buildConfigurations = (
				2BCF90BE1A1B0C7700E88048 /* Debug */,
				2BCF90BF1A1B0C7700E88048 /* Release */,
			);
			defaultConfigurationIsVisible = 0;
			defaultConfigurationName = Release;
		};
		2BCF90C01A1B0C7700E88048 /* Build configuration list for PBXNativeTarget "Stormy" */ = {
			isa = XCConfigurationList;
			buildConfigurations = (
				2BCF90C11A1B0C7700E88048 /* Debug */,
				2BCF90C21A1B0C7700E88048 /* Release */,
			);
			defaultConfigurationIsVisible = 0;
		};
		2BCF90C31A1B0C7700E88048 /* Build configuration list for PBXNativeTarget "StormyTests" */ = {
			isa = XCConfigurationList;
			buildConfigurations = (
				2BCF90C41A1B0C7700E88048 /* Debug */,
				2BCF90C51A1B0C7700E88048 /* Release */,
			);
			defaultConfigurationIsVisible = 0;
		};
/* End XCConfigurationList section */
	};
	rootObject = 2BCF90991A1B0C7700E88048 /* Project object */;
}
